
Microsoft Visual Studio Solution File, Format Version 12.00
# Visual Studio Version 17
VisualStudioVersion = 17.12.35707.178
MinimumVisualStudioVersion = 10.0.40219.1
Project("{2150E333-8FDC-42A3-9474-1A3956D46DE8}") = "src", "src", "{B9A06909-D28A-4978-B405-B921C8FF872E}"
EndProject
Project("{2150E333-8FDC-42A3-9474-1A3956D46DE8}") = "Services", "Services", "{15DC4AA8-604F-4FAB-937A-9796CBC05C86}"
EndProject
Project("{2150E333-8FDC-42A3-9474-1A3956D46DE8}") = "Web", "Web", "{C5017BCE-496B-4CB9-A04C-92370E58CF66}"
EndProject
Project("{2150E333-8FDC-42A3-9474-1A3956D46DE8}") = "BuildingBlocks", "BuildingBlocks", "{FF17427B-3292-4B93-877A-B377593BF602}"
EndProject
Project("{2150E333-8FDC-42A3-9474-1A3956D46DE8}") = "Identidade", "Identidade", "{14C40A09-92BF-4832-94F2-1F3CC25ABF74}"
EndProject
Project("{2150E333-8FDC-42A3-9474-1A3956D46DE8}") = "MVC", "MVC", "{9CAA51B1-600C-468A-8AEB-83D35544E232}"
EndProject
Project("{2150E333-8FDC-42A3-9474-1A3956D46DE8}") = "Core", "Core", "{1C72F10A-DD20-4858-A449-D37BEDDD632C}"
EndProject
Project("{FAE04EC0-301F-11D3-BF4B-00C04F79EFBC}") = "NSE.Identidade.API", "src\Services\NSE.Identidade.API\NSE.Identidade.API.csproj", "{8907AEDA-7CB4-43A4-B155-7298C172397B}"
EndProject
Project("{FAE04EC0-301F-11D3-BF4B-00C04F79EFBC}") = "NSE.Core", "src\BuildingBlocks\NSE.Core\NSE.Core.csproj", "{9A6BD77D-8056-4D10-962F-98D7460F1D08}"
EndProject
Project("{FAE04EC0-301F-11D3-BF4B-00C04F79EFBC}") = "NSE.WebApp.MVC", "src\Web\NSE.WebApp.MVC\NSE.WebApp.MVC.csproj", "{984A5AA5-A479-4722-938D-7CEAA7311B79}"
EndProject
Project("{2150E333-8FDC-42A3-9474-1A3956D46DE8}") = "Carrinho", "Carrinho", "{AB7007D5-A202-4B1F-98CD-84C68A49FB00}"
EndProject
Project("{2150E333-8FDC-42A3-9474-1A3956D46DE8}") = "Catalogo", "Catalogo", "{28DACA86-1F5F-4141-9BE4-2A5BC38BE404}"
EndProject
Project("{2150E333-8FDC-42A3-9474-1A3956D46DE8}") = "Cliente", "Cliente", "{31CEA13B-0592-419A-A998-424A485DC190}"
EndProject
Project("{2150E333-8FDC-42A3-9474-1A3956D46DE8}") = "Pagamento", "Pagamento", "{BCC7ED94-967B-4A01-9061-7B382700E19C}"
EndProject
Project("{2150E333-8FDC-42A3-9474-1A3956D46DE8}") = "Pedido", "Pedido", "{8D49AA6B-D2D3-4526-B48B-2F29634400BF}"
EndProject
Project("{FAE04EC0-301F-11D3-BF4B-00C04F79EFBC}") = "NSE.Carrinho.API", "src\Services\NSE.Carrinho.API\NSE.Carrinho.API.csproj", "{7D221C7A-6B67-4183-B8D3-36A793270428}"
EndProject
Project("{FAE04EC0-301F-11D3-BF4B-00C04F79EFBC}") = "NSE.Catalogo.API", "src\Services\NSE.Catalogo.API\NSE.Catalogo.API.csproj", "{5F773F64-A24D-4843-BD70-05DE5FE897DD}"
EndProject
Project("{FAE04EC0-301F-11D3-BF4B-00C04F79EFBC}") = "NSE.Cliente.API", "src\Services\NSE.Cliente.API\NSE.Cliente.API.csproj", "{93819DA9-A787-4F55-8EA2-4DCF25E5FDC7}"
EndProject
Project("{FAE04EC0-301F-11D3-BF4B-00C04F79EFBC}") = "NSE.Pagamento.API", "src\Services\NSE.Pagamento.API\NSE.Pagamento.API.csproj", "{5AD00F42-63C9-4DEA-8546-936A6A210805}"
EndProject
Project("{FAE04EC0-301F-11D3-BF4B-00C04F79EFBC}") = "NSE.Pedido.API", "src\Services\NSE.Pedido.API\NSE.Pedido.API.csproj", "{95413010-B6DC-4CE8-A46D-42096A5722BB}"
EndProject
Global
	GlobalSection(SolutionConfigurationPlatforms) = preSolution
		Debug|Any CPU = Debug|Any CPU
		Release|Any CPU = Release|Any CPU
	EndGlobalSection
	GlobalSection(ProjectConfigurationPlatforms) = postSolution
		{8907AEDA-7CB4-43A4-B155-7298C172397B}.Debug|Any CPU.ActiveCfg = Debug|Any CPU
		{8907AEDA-7CB4-43A4-B155-7298C172397B}.Debug|Any CPU.Build.0 = Debug|Any CPU
		{8907AEDA-7CB4-43A4-B155-7298C172397B}.Release|Any CPU.ActiveCfg = Release|Any CPU
		{8907AEDA-7CB4-43A4-B155-7298C172397B}.Release|Any CPU.Build.0 = Release|Any CPU
		{9A6BD77D-8056-4D10-962F-98D7460F1D08}.Debug|Any CPU.ActiveCfg = Debug|Any CPU
		{9A6BD77D-8056-4D10-962F-98D7460F1D08}.Debug|Any CPU.Build.0 = Debug|Any CPU
		{9A6BD77D-8056-4D10-962F-98D7460F1D08}.Release|Any CPU.ActiveCfg = Release|Any CPU
		{9A6BD77D-8056-4D10-962F-98D7460F1D08}.Release|Any CPU.Build.0 = Release|Any CPU
		{984A5AA5-A479-4722-938D-7CEAA7311B79}.Debug|Any CPU.ActiveCfg = Debug|Any CPU
		{984A5AA5-A479-4722-938D-7CEAA7311B79}.Debug|Any CPU.Build.0 = Debug|Any CPU
		{984A5AA5-A479-4722-938D-7CEAA7311B79}.Release|Any CPU.ActiveCfg = Release|Any CPU
		{984A5AA5-A479-4722-938D-7CEAA7311B79}.Release|Any CPU.Build.0 = Release|Any CPU
		{7D221C7A-6B67-4183-B8D3-36A793270428}.Debug|Any CPU.ActiveCfg = Debug|Any CPU
		{7D221C7A-6B67-4183-B8D3-36A793270428}.Debug|Any CPU.Build.0 = Debug|Any CPU
		{7D221C7A-6B67-4183-B8D3-36A793270428}.Release|Any CPU.ActiveCfg = Release|Any CPU
		{7D221C7A-6B67-4183-B8D3-36A793270428}.Release|Any CPU.Build.0 = Release|Any CPU
		{5F773F64-A24D-4843-BD70-05DE5FE897DD}.Debug|Any CPU.ActiveCfg = Debug|Any CPU
		{5F773F64-A24D-4843-BD70-05DE5FE897DD}.Debug|Any CPU.Build.0 = Debug|Any CPU
		{5F773F64-A24D-4843-BD70-05DE5FE897DD}.Release|Any CPU.ActiveCfg = Release|Any CPU
		{5F773F64-A24D-4843-BD70-05DE5FE897DD}.Release|Any CPU.Build.0 = Release|Any CPU
		{93819DA9-A787-4F55-8EA2-4DCF25E5FDC7}.Debug|Any CPU.ActiveCfg = Debug|Any CPU
		{93819DA9-A787-4F55-8EA2-4DCF25E5FDC7}.Debug|Any CPU.Build.0 = Debug|Any CPU
		{93819DA9-A787-4F55-8EA2-4DCF25E5FDC7}.Release|Any CPU.ActiveCfg = Release|Any CPU
		{93819DA9-A787-4F55-8EA2-4DCF25E5FDC7}.Release|Any CPU.Build.0 = Release|Any CPU
		{5AD00F42-63C9-4DEA-8546-936A6A210805}.Debug|Any CPU.ActiveCfg = Debug|Any CPU
		{5AD00F42-63C9-4DEA-8546-936A6A210805}.Debug|Any CPU.Build.0 = Debug|Any CPU
		{5AD00F42-63C9-4DEA-8546-936A6A210805}.Release|Any CPU.ActiveCfg = Release|Any CPU
		{5AD00F42-63C9-4DEA-8546-936A6A210805}.Release|Any CPU.Build.0 = Release|Any CPU
		{95413010-B6DC-4CE8-A46D-42096A5722BB}.Debug|Any CPU.ActiveCfg = Debug|Any CPU
		{95413010-B6DC-4CE8-A46D-42096A5722BB}.Debug|Any CPU.Build.0 = Debug|Any CPU
		{95413010-B6DC-4CE8-A46D-42096A5722BB}.Release|Any CPU.ActiveCfg = Release|Any CPU
		{95413010-B6DC-4CE8-A46D-42096A5722BB}.Release|Any CPU.Build.0 = Release|Any CPU
	EndGlobalSection
	GlobalSection(SolutionProperties) = preSolution
		HideSolutionNode = FALSE
	EndGlobalSection
	GlobalSection(NestedProjects) = preSolution
		{15DC4AA8-604F-4FAB-937A-9796CBC05C86} = {B9A06909-D28A-4978-B405-B921C8FF872E}
		{C5017BCE-496B-4CB9-A04C-92370E58CF66} = {B9A06909-D28A-4978-B405-B921C8FF872E}
		{FF17427B-3292-4B93-877A-B377593BF602} = {B9A06909-D28A-4978-B405-B921C8FF872E}
		{14C40A09-92BF-4832-94F2-1F3CC25ABF74} = {15DC4AA8-604F-4FAB-937A-9796CBC05C86}
		{9CAA51B1-600C-468A-8AEB-83D35544E232} = {C5017BCE-496B-4CB9-A04C-92370E58CF66}
		{1C72F10A-DD20-4858-A449-D37BEDDD632C} = {FF17427B-3292-4B93-877A-B377593BF602}
		{8907AEDA-7CB4-43A4-B155-7298C172397B} = {14C40A09-92BF-4832-94F2-1F3CC25ABF74}
		{9A6BD77D-8056-4D10-962F-98D7460F1D08} = {1C72F10A-DD20-4858-A449-D37BEDDD632C}
		{984A5AA5-A479-4722-938D-7CEAA7311B79} = {9CAA51B1-600C-468A-8AEB-83D35544E232}
		{AB7007D5-A202-4B1F-98CD-84C68A49FB00} = {15DC4AA8-604F-4FAB-937A-9796CBC05C86}
		{28DACA86-1F5F-4141-9BE4-2A5BC38BE404} = {15DC4AA8-604F-4FAB-937A-9796CBC05C86}
		{31CEA13B-0592-419A-A998-424A485DC190} = {15DC4AA8-604F-4FAB-937A-9796CBC05C86}
		{BCC7ED94-967B-4A01-9061-7B382700E19C} = {15DC4AA8-604F-4FAB-937A-9796CBC05C86}
		{8D49AA6B-D2D3-4526-B48B-2F29634400BF} = {15DC4AA8-604F-4FAB-937A-9796CBC05C86}
		{7D221C7A-6B67-4183-B8D3-36A793270428} = {AB7007D5-A202-4B1F-98CD-84C68A49FB00}
		{5F773F64-A24D-4843-BD70-05DE5FE897DD} = {28DACA86-1F5F-4141-9BE4-2A5BC38BE404}
		{93819DA9-A787-4F55-8EA2-4DCF25E5FDC7} = {31CEA13B-0592-419A-A998-424A485DC190}
		{5AD00F42-63C9-4DEA-8546-936A6A210805} = {BCC7ED94-967B-4A01-9061-7B382700E19C}
		{95413010-B6DC-4CE8-A46D-42096A5722BB} = {8D49AA6B-D2D3-4526-B48B-2F29634400BF}
	EndGlobalSection
EndGlobal
