
Microsoft Visual Studio Solution File, Format Version 12.00
# Visual Studio Version 17
VisualStudioVersion = 17.12.35707.178 d17.12
MinimumVisualStudioVersion = 10.0.40219.1
Project("{2150E333-8FDC-42A3-9474-1A3956D46DE8}") = "src", "src", "{B9A06909-D28A-4978-B405-B921C8FF872E}"
EndProject
Project("{2150E333-8FDC-42A3-9474-1A3956D46DE8}") = "Services", "Services", "{15DC4AA8-604F-4FAB-937A-9796CBC05C86}"
EndProject
Project("{2150E333-8FDC-42A3-9474-1A3956D46DE8}") = "Web", "Web", "{C5017BCE-496B-4CB9-A04C-92370E58CF66}"
EndProject
Project("{2150E333-8FDC-42A3-9474-1A3956D46DE8}") = "BuildingBlocks", "BuildingBlocks", "{FF17427B-3292-4B93-877A-B377593BF602}"
EndProject
Project("{2150E333-8FDC-42A3-9474-1A3956D46DE8}") = "Identidade", "Identidade", "{14C40A09-92BF-4832-94F2-1F3CC25ABF74}"
EndProject
Project("{FAE04EC0-301F-11D3-BF4B-00C04F79EFBC}") = "NSE.Identidade.API", "src\NSE.Identidade.API\NSE.Identidade.API.csproj", "{EBA96D30-4E5B-448F-848F-899A38FCC0DE}"
EndProject
Project("{2150E333-8FDC-42A3-9474-1A3956D46DE8}") = "MVC", "MVC", "{9CAA51B1-600C-468A-8AEB-83D35544E232}"
EndProject
Project("{FAE04EC0-301F-11D3-BF4B-00C04F79EFBC}") = "NSE.WebApp.MVC", "src\NSE.WebApp.MVC\NSE.WebApp.MVC.csproj", "{2EB4AFC5-836B-46E9-B548-DDE61E277F27}"
EndProject
Project("{2150E333-8FDC-42A3-9474-1A3956D46DE8}") = "Core", "Core", "{1C72F10A-DD20-4858-A449-D37BEDDD632C}"
EndProject
Project("{FAE04EC0-301F-11D3-BF4B-00C04F79EFBC}") = "NSE.Core", "src\NSE.Core\NSE.Core.csproj", "{43832BB5-36F3-495B-9AE2-0461A01A2395}"
EndProject
Global
	GlobalSection(SolutionConfigurationPlatforms) = preSolution
		Debug|Any CPU = Debug|Any CPU
		Release|Any CPU = Release|Any CPU
	EndGlobalSection
	GlobalSection(ProjectConfigurationPlatforms) = postSolution
		{EBA96D30-4E5B-448F-848F-899A38FCC0DE}.Debug|Any CPU.ActiveCfg = Debug|Any CPU
		{EBA96D30-4E5B-448F-848F-899A38FCC0DE}.Debug|Any CPU.Build.0 = Debug|Any CPU
		{EBA96D30-4E5B-448F-848F-899A38FCC0DE}.Release|Any CPU.ActiveCfg = Release|Any CPU
		{EBA96D30-4E5B-448F-848F-899A38FCC0DE}.Release|Any CPU.Build.0 = Release|Any CPU
		{2EB4AFC5-836B-46E9-B548-DDE61E277F27}.Debug|Any CPU.ActiveCfg = Debug|Any CPU
		{2EB4AFC5-836B-46E9-B548-DDE61E277F27}.Debug|Any CPU.Build.0 = Debug|Any CPU
		{2EB4AFC5-836B-46E9-B548-DDE61E277F27}.Release|Any CPU.ActiveCfg = Release|Any CPU
		{2EB4AFC5-836B-46E9-B548-DDE61E277F27}.Release|Any CPU.Build.0 = Release|Any CPU
		{43832BB5-36F3-495B-9AE2-0461A01A2395}.Debug|Any CPU.ActiveCfg = Debug|Any CPU
		{43832BB5-36F3-495B-9AE2-0461A01A2395}.Debug|Any CPU.Build.0 = Debug|Any CPU
		{43832BB5-36F3-495B-9AE2-0461A01A2395}.Release|Any CPU.ActiveCfg = Release|Any CPU
		{43832BB5-36F3-495B-9AE2-0461A01A2395}.Release|Any CPU.Build.0 = Release|Any CPU
	EndGlobalSection
	GlobalSection(SolutionProperties) = preSolution
		HideSolutionNode = FALSE
	EndGlobalSection
	GlobalSection(NestedProjects) = preSolution
		{15DC4AA8-604F-4FAB-937A-9796CBC05C86} = {B9A06909-D28A-4978-B405-B921C8FF872E}
		{C5017BCE-496B-4CB9-A04C-92370E58CF66} = {B9A06909-D28A-4978-B405-B921C8FF872E}
		{FF17427B-3292-4B93-877A-B377593BF602} = {B9A06909-D28A-4978-B405-B921C8FF872E}
		{14C40A09-92BF-4832-94F2-1F3CC25ABF74} = {15DC4AA8-604F-4FAB-937A-9796CBC05C86}
		{EBA96D30-4E5B-448F-848F-899A38FCC0DE} = {14C40A09-92BF-4832-94F2-1F3CC25ABF74}
		{9CAA51B1-600C-468A-8AEB-83D35544E232} = {C5017BCE-496B-4CB9-A04C-92370E58CF66}
		{2EB4AFC5-836B-46E9-B548-DDE61E277F27} = {9CAA51B1-600C-468A-8AEB-83D35544E232}
		{1C72F10A-DD20-4858-A449-D37BEDDD632C} = {FF17427B-3292-4B93-877A-B377593BF602}
		{43832BB5-36F3-495B-9AE2-0461A01A2395} = {1C72F10A-DD20-4858-A449-D37BEDDD632C}
	EndGlobalSection
EndGlobal
